// !$*UTF8*$!
{
	archiveVersion = 1;
	classes = {
	};
	objectVersion = 56;
	objects = {

/* Begin PBXBuildFile section */
		BF6DC6FC2AC8394600596448 /* main.c in Sources */ = {isa = PBXBuildFile; fileRef = BF6DC6FB2AC8394600596448 /* main.c */; settings = {COMPILER_FLAGS = "-xobjective-c"; }; };
		BF6DC7082AC83A2D00596448 /* device.m in Sources */ = {isa = PBXBuildFile; fileRef = BF6DC7072AC83A2D00596448 /* device.m */; };
		BF6DC70E2AC8626500596448 /* Foundation.framework in Frameworks */ = {isa = PBXBuildFile; fileRef = BF6DC70D2AC8626500596448 /* Foundation.framework */; };
		BF6DC7102AC8626B00596448 /* Cocoa.framework in Frameworks */ = {isa = PBXBuildFile; fileRef = BF6DC70F2AC8626B00596448 /* Cocoa.framework */; };
		BF6DC7122AC8627200596448 /* Metal.framework in Frameworks */ = {isa = PBXBuildFile; fileRef = BF6DC7112AC8627200596448 /* Metal.framework */; };
		BF6DC7142AC8635900596448 /* commandQueue.m in Sources */ = {isa = PBXBuildFile; fileRef = BF6DC7132AC8635900596448 /* commandQueue.m */; };
		BF6DC7192AC863DE00596448 /* platform_macos.m in Sources */ = {isa = PBXBuildFile; fileRef = BF6DC7182AC863DE00596448 /* platform_macos.m */; };
		BF6DC71B2AC863FC00596448 /* WindowDelegate.m in Sources */ = {isa = PBXBuildFile; fileRef = BF6DC71A2AC863FC00596448 /* WindowDelegate.m */; };
		BF6DC71D2AC8640C00596448 /* ApplicationDelegate.m in Sources */ = {isa = PBXBuildFile; fileRef = BF6DC71C2AC8640C00596448 /* ApplicationDelegate.m */; };
		BF6DC7222AC8716A00596448 /* commandBuffer.m in Sources */ = {isa = PBXBuildFile; fileRef = BF6DC7212AC8716A00596448 /* commandBuffer.m */; };
		BF6DC7312AC87B0300596448 /* renderPassDescriptor.m in Sources */ = {isa = PBXBuildFile; fileRef = BF6DC7302AC87B0300596448 /* renderPassDescriptor.m */; };
		BF6DC7352AC87C9600596448 /* renderCommandEncoder.m in Sources */ = {isa = PBXBuildFile; fileRef = BF6DC7342AC87C9600596448 /* renderCommandEncoder.m */; };
/* End PBXBuildFile section */

/* Begin PBXCopyFilesBuildPhase section */
		BF6DC6F62AC8394600596448 /* CopyFiles */ = {
			isa = PBXCopyFilesBuildPhase;
			buildActionMask = 2147483647;
			dstPath = /usr/share/man/man1/;
			dstSubfolderSpec = 0;
			files = (
			);
			runOnlyForDeploymentPostprocessing = 1;
		};
/* End PBXCopyFilesBuildPhase section */

/* Begin PBXFileReference section */
		BF6DC6F82AC8394600596448 /* OCPlayground */ = {isa = PBXFileReference; explicitFileType = "compiled.mach-o.executable"; includeInIndex = 0; path = OCPlayground; sourceTree = BUILT_PRODUCTS_DIR; };
		BF6DC6FB2AC8394600596448 /* main.c */ = {isa = PBXFileReference; lastKnownFileType = sourcecode.c.c; path = main.c; sourceTree = "<group>"; };
		BF6DC7072AC83A2D00596448 /* device.m */ = {isa = PBXFileReference; lastKnownFileType = sourcecode.c.objc; path = device.m; sourceTree = "<group>"; };
		BF6DC7092AC83A5400596448 /* common.h */ = {isa = PBXFileReference; lastKnownFileType = sourcecode.c.h; path = common.h; sourceTree = "<group>"; };
		BF6DC70D2AC8626500596448 /* Foundation.framework */ = {isa = PBXFileReference; lastKnownFileType = wrapper.framework; name = Foundation.framework; path = System/Library/Frameworks/Foundation.framework; sourceTree = SDKROOT; };
		BF6DC70F2AC8626B00596448 /* Cocoa.framework */ = {isa = PBXFileReference; lastKnownFileType = wrapper.framework; name = Cocoa.framework; path = System/Library/Frameworks/Cocoa.framework; sourceTree = SDKROOT; };
		BF6DC7112AC8627200596448 /* Metal.framework */ = {isa = PBXFileReference; lastKnownFileType = wrapper.framework; name = Metal.framework; path = System/Library/Frameworks/Metal.framework; sourceTree = SDKROOT; };
		BF6DC7132AC8635900596448 /* commandQueue.m */ = {isa = PBXFileReference; lastKnownFileType = sourcecode.c.objc; path = commandQueue.m; sourceTree = "<group>"; };
		BF6DC7172AC863CD00596448 /* platform.h */ = {isa = PBXFileReference; lastKnownFileType = sourcecode.c.h; path = platform.h; sourceTree = "<group>"; };
		BF6DC7182AC863DE00596448 /* platform_macos.m */ = {isa = PBXFileReference; lastKnownFileType = sourcecode.c.objc; path = platform_macos.m; sourceTree = "<group>"; };
		BF6DC71A2AC863FC00596448 /* WindowDelegate.m */ = {isa = PBXFileReference; lastKnownFileType = sourcecode.c.objc; path = WindowDelegate.m; sourceTree = "<group>"; };
		BF6DC71C2AC8640C00596448 /* ApplicationDelegate.m */ = {isa = PBXFileReference; lastKnownFileType = sourcecode.c.objc; path = ApplicationDelegate.m; sourceTree = "<group>"; };
		BF6DC71E2AC8661E00596448 /* ApplicationDelegate.h */ = {isa = PBXFileReference; lastKnownFileType = sourcecode.c.h; path = ApplicationDelegate.h; sourceTree = "<group>"; };
		BF6DC71F2AC8662800596448 /* WindowDelegate.h */ = {isa = PBXFileReference; lastKnownFileType = sourcecode.c.h; path = WindowDelegate.h; sourceTree = "<group>"; };
		BF6DC7212AC8716A00596448 /* commandBuffer.m */ = {isa = PBXFileReference; lastKnownFileType = sourcecode.c.objc; path = commandBuffer.m; sourceTree = "<group>"; };
		BF6DC7292AC871D300596448 /* device.h */ = {isa = PBXFileReference; lastKnownFileType = sourcecode.c.h; path = device.h; sourceTree = "<group>"; };
		BF6DC72B2AC871F100596448 /* metal_types.h */ = {isa = PBXFileReference; lastKnownFileType = sourcecode.c.h; path = metal_types.h; sourceTree = "<group>"; };
		BF6DC72C2AC871FC00596448 /* CMetal.h */ = {isa = PBXFileReference; lastKnownFileType = sourcecode.c.h; path = CMetal.h; sourceTree = "<group>"; };
		BF6DC72D2AC8720900596448 /* commandQueue.h */ = {isa = PBXFileReference; lastKnownFileType = sourcecode.c.h; path = commandQueue.h; sourceTree = "<group>"; };
		BF6DC72E2AC8721400596448 /* commandBuffer.h */ = {isa = PBXFileReference; lastKnownFileType = sourcecode.c.h; path = commandBuffer.h; sourceTree = "<group>"; };
		BF6DC72F2AC87AF100596448 /* renderPassDescriptor.h */ = {isa = PBXFileReference; lastKnownFileType = sourcecode.c.h; path = renderPassDescriptor.h; sourceTree = "<group>"; };
		BF6DC7302AC87B0300596448 /* renderPassDescriptor.m */ = {isa = PBXFileReference; lastKnownFileType = sourcecode.c.objc; path = renderPassDescriptor.m; sourceTree = "<group>"; };
		BF6DC7322AC87B4600596448 /* enums.h */ = {isa = PBXFileReference; lastKnownFileType = sourcecode.c.h; path = enums.h; sourceTree = "<group>"; };
		BF6DC7332AC87C8000596448 /* renderCommandEncoder.h */ = {isa = PBXFileReference; lastKnownFileType = sourcecode.c.h; path = renderCommandEncoder.h; sourceTree = "<group>"; };
		BF6DC7342AC87C9600596448 /* renderCommandEncoder.m */ = {isa = PBXFileReference; lastKnownFileType = sourcecode.c.objc; path = renderCommandEncoder.m; sourceTree = "<group>"; };
/* End PBXFileReference section */

/* Begin PBXFrameworksBuildPhase section */
		BF6DC6F52AC8394600596448 /* Frameworks */ = {
			isa = PBXFrameworksBuildPhase;
			buildActionMask = 2147483647;
			files = (
				BF6DC7122AC8627200596448 /* Metal.framework in Frameworks */,
				BF6DC7102AC8626B00596448 /* Cocoa.framework in Frameworks */,
				BF6DC70E2AC8626500596448 /* Foundation.framework in Frameworks */,
			);
			runOnlyForDeploymentPostprocessing = 0;
		};
/* End PBXFrameworksBuildPhase section */

/* Begin PBXGroup section */
		BF6DC6EF2AC8394600596448 = {
			isa = PBXGroup;
			children = (
				BF6DC6FA2AC8394600596448 /* OCPlayground */,
				BF6DC6F92AC8394600596448 /* Products */,
				BF6DC70C2AC8626500596448 /* Frameworks */,
			);
			sourceTree = "<group>";
		};
		BF6DC6F92AC8394600596448 /* Products */ = {
			isa = PBXGroup;
			children = (
				BF6DC6F82AC8394600596448 /* OCPlayground */,
			);
			name = Products;
			sourceTree = "<group>";
		};
		BF6DC6FA2AC8394600596448 /* OCPlayground */ = {
			isa = PBXGroup;
			children = (
				BF6DC7152AC863AC00596448 /* Platform */,
				BF6DC7022AC8396000596448 /* Lib */,
				BF6DC6FB2AC8394600596448 /* main.c */,
			);
			path = OCPlayground;
			sourceTree = "<group>";
		};
		BF6DC7022AC8396000596448 /* Lib */ = {
			isa = PBXGroup;
			children = (
				BF6DC7092AC83A5400596448 /* common.h */,
				BF6DC7052AC839A900596448 /* implementation */,
				BF6DC7042AC839A000596448 /* headers */,
			);
			path = Lib;
			sourceTree = "<group>";
		};
		BF6DC7042AC839A000596448 /* headers */ = {
			isa = PBXGroup;
			children = (
				BF6DC7292AC871D300596448 /* device.h */,
				BF6DC72B2AC871F100596448 /* metal_types.h */,
				BF6DC72C2AC871FC00596448 /* CMetal.h */,
				BF6DC72D2AC8720900596448 /* commandQueue.h */,
				BF6DC72E2AC8721400596448 /* commandBuffer.h */,
				BF6DC72F2AC87AF100596448 /* renderPassDescriptor.h */,
				BF6DC7322AC87B4600596448 /* enums.h */,
				BF6DC7332AC87C8000596448 /* renderCommandEncoder.h */,
			);
			path = headers;
			sourceTree = "<group>";
		};
		BF6DC7052AC839A900596448 /* implementation */ = {
			isa = PBXGroup;
			children = (
				BF6DC7072AC83A2D00596448 /* device.m */,
				BF6DC7132AC8635900596448 /* commandQueue.m */,
				BF6DC7212AC8716A00596448 /* commandBuffer.m */,
				BF6DC7302AC87B0300596448 /* renderPassDescriptor.m */,
				BF6DC7342AC87C9600596448 /* renderCommandEncoder.m */,
			);
			path = implementation;
			sourceTree = "<group>";
		};
		BF6DC70C2AC8626500596448 /* Frameworks */ = {
			isa = PBXGroup;
			children = (
				BF6DC7112AC8627200596448 /* Metal.framework */,
				BF6DC70F2AC8626B00596448 /* Cocoa.framework */,
				BF6DC70D2AC8626500596448 /* Foundation.framework */,
			);
			name = Frameworks;
			sourceTree = "<group>";
		};
		BF6DC7152AC863AC00596448 /* Platform */ = {
			isa = PBXGroup;
			children = (
				BF6DC7172AC863CD00596448 /* platform.h */,
				BF6DC7182AC863DE00596448 /* platform_macos.m */,
				BF6DC71A2AC863FC00596448 /* WindowDelegate.m */,
				BF6DC71C2AC8640C00596448 /* ApplicationDelegate.m */,
				BF6DC71E2AC8661E00596448 /* ApplicationDelegate.h */,
				BF6DC71F2AC8662800596448 /* WindowDelegate.h */,
			);
			path = Platform;
			sourceTree = "<group>";
		};
/* End PBXGroup section */

/* Begin PBXNativeTarget section */
		BF6DC6F72AC8394600596448 /* OCPlayground */ = {
			isa = PBXNativeTarget;
			buildConfigurationList = BF6DC6FF2AC8394600596448 /* Build configuration list for PBXNativeTarget "OCPlayground" */;
			buildPhases = (
				BF6DC6F42AC8394600596448 /* Sources */,
				BF6DC6F52AC8394600596448 /* Frameworks */,
				BF6DC6F62AC8394600596448 /* CopyFiles */,
			);
			buildRules = (
			);
			dependencies = (
			);
			name = OCPlayground;
			productName = OCPlayground;
			productReference = BF6DC6F82AC8394600596448 /* OCPlayground */;
			productType = "com.apple.product-type.tool";
		};
/* End PBXNativeTarget section */

/* Begin PBXProject section */
		BF6DC6F02AC8394600596448 /* Project object */ = {
			isa = PBXProject;
			attributes = {
				BuildIndependentTargetsInParallel = 1;
				LastUpgradeCheck = 1500;
				TargetAttributes = {
					BF6DC6F72AC8394600596448 = {
						CreatedOnToolsVersion = 15.0;
					};
				};
			};
			buildConfigurationList = BF6DC6F32AC8394600596448 /* Build configuration list for PBXProject "OCPlayground" */;
			compatibilityVersion = "Xcode 14.0";
			developmentRegion = en;
			hasScannedForEncodings = 0;
			knownRegions = (
				en,
				Base,
			);
			mainGroup = BF6DC6EF2AC8394600596448;
			productRefGroup = BF6DC6F92AC8394600596448 /* Products */;
			projectDirPath = "";
			projectRoot = "";
			targets = (
				BF6DC6F72AC8394600596448 /* OCPlayground */,
			);
		};
/* End PBXProject section */

/* Begin PBXSourcesBuildPhase section */
		BF6DC6F42AC8394600596448 /* Sources */ = {
			isa = PBXSourcesBuildPhase;
			buildActionMask = 2147483647;
			files = (
				BF6DC7352AC87C9600596448 /* renderCommandEncoder.m in Sources */,
				BF6DC6FC2AC8394600596448 /* main.c in Sources */,
				BF6DC7082AC83A2D00596448 /* device.m in Sources */,
				BF6DC7192AC863DE00596448 /* platform_macos.m in Sources */,
				BF6DC71B2AC863FC00596448 /* WindowDelegate.m in Sources */,
				BF6DC7142AC8635900596448 /* commandQueue.m in Sources */,
				BF6DC7222AC8716A00596448 /* commandBuffer.m in Sources */,
				BF6DC71D2AC8640C00596448 /* ApplicationDelegate.m in Sources */,
				BF6DC7312AC87B0300596448 /* renderPassDescriptor.m in Sources */,
			);
			runOnlyForDeploymentPostprocessing = 0;
		};
/* End PBXSourcesBuildPhase section */

/* Begin XCBuildConfiguration section */
		BF6DC6FD2AC8394600596448 /* Debug */ = {
			isa = XCBuildConfiguration;
			buildSettings = {
				ALWAYS_SEARCH_USER_PATHS = NO;
				ASSETCATALOG_COMPILER_GENERATE_SWIFT_ASSET_SYMBOL_EXTENSIONS = YES;
				CLANG_ANALYZER_NONNULL = YES;
				CLANG_ANALYZER_NUMBER_OBJECT_CONVERSION = YES_AGGRESSIVE;
				CLANG_CXX_LANGUAGE_STANDARD = "gnu++20";
				CLANG_ENABLE_MODULES = YES;
				CLANG_ENABLE_OBJC_ARC = YES;
				CLANG_ENABLE_OBJC_WEAK = YES;
				CLANG_WARN_BLOCK_CAPTURE_AUTORELEASING = YES;
				CLANG_WARN_BOOL_CONVERSION = YES;
				CLANG_WARN_COMMA = YES;
				CLANG_WARN_CONSTANT_CONVERSION = YES;
				CLANG_WARN_DEPRECATED_OBJC_IMPLEMENTATIONS = YES;
				CLANG_WARN_DIRECT_OBJC_ISA_USAGE = YES_ERROR;
				CLANG_WARN_DOCUMENTATION_COMMENTS = YES;
				CLANG_WARN_EMPTY_BODY = YES;
				CLANG_WARN_ENUM_CONVERSION = YES;
				CLANG_WARN_INFINITE_RECURSION = YES;
				CLANG_WARN_INT_CONVERSION = YES;
				CLANG_WARN_NON_LITERAL_NULL_CONVERSION = YES;
				CLANG_WARN_OBJC_IMPLICIT_RETAIN_SELF = YES;
				CLANG_WARN_OBJC_LITERAL_CONVERSION = YES;
				CLANG_WARN_OBJC_ROOT_CLASS = YES_ERROR;
				CLANG_WARN_QUOTED_INCLUDE_IN_FRAMEWORK_HEADER = YES;
				CLANG_WARN_RANGE_LOOP_ANALYSIS = YES;
				CLANG_WARN_STRICT_PROTOTYPES = YES;
				CLANG_WARN_SUSPICIOUS_MOVE = YES;
				CLANG_WARN_UNGUARDED_AVAILABILITY = YES_AGGRESSIVE;
				CLANG_WARN_UNREACHABLE_CODE = YES;
				CLANG_WARN__DUPLICATE_METHOD_MATCH = YES;
				COPY_PHASE_STRIP = NO;
				DEBUG_INFORMATION_FORMAT = dwarf;
				ENABLE_STRICT_OBJC_MSGSEND = YES;
				ENABLE_TESTABILITY = YES;
				ENABLE_USER_SCRIPT_SANDBOXING = YES;
				GCC_C_LANGUAGE_STANDARD = gnu17;
				GCC_DYNAMIC_NO_PIC = NO;
				GCC_NO_COMMON_BLOCKS = YES;
				GCC_OPTIMIZATION_LEVEL = 0;
				GCC_PREPROCESSOR_DEFINITIONS = (
					"DEBUG=1",
					"$(inherited)",
				);
				GCC_WARN_64_TO_32_BIT_CONVERSION = YES;
				GCC_WARN_ABOUT_RETURN_TYPE = YES_ERROR;
				GCC_WARN_UNDECLARED_SELECTOR = YES;
				GCC_WARN_UNINITIALIZED_AUTOS = YES_AGGRESSIVE;
				GCC_WARN_UNUSED_FUNCTION = YES;
				GCC_WARN_UNUSED_VARIABLE = YES;
				LOCALIZATION_PREFERS_STRING_CATALOGS = YES;
				MACOSX_DEPLOYMENT_TARGET = 14.0;
				MTL_ENABLE_DEBUG_INFO = INCLUDE_SOURCE;
				MTL_FAST_MATH = YES;
				ONLY_ACTIVE_ARCH = YES;
				SDKROOT = macosx;
			};
			name = Debug;
		};
		BF6DC6FE2AC8394600596448 /* Release */ = {
			isa = XCBuildConfiguration;
			buildSettings = {
				ALWAYS_SEARCH_USER_PATHS = NO;
				ASSETCATALOG_COMPILER_GENERATE_SWIFT_ASSET_SYMBOL_EXTENSIONS = YES;
				CLANG_ANALYZER_NONNULL = YES;
				CLANG_ANALYZER_NUMBER_OBJECT_CONVERSION = YES_AGGRESSIVE;
				CLANG_CXX_LANGUAGE_STANDARD = "gnu++20";
				CLANG_ENABLE_MODULES = YES;
				CLANG_ENABLE_OBJC_ARC = YES;
				CLANG_ENABLE_OBJC_WEAK = YES;
				CLANG_WARN_BLOCK_CAPTURE_AUTORELEASING = YES;
				CLANG_WARN_BOOL_CONVERSION = YES;
				CLANG_WARN_COMMA = YES;
				CLANG_WARN_CONSTANT_CONVERSION = YES;
				CLANG_WARN_DEPRECATED_OBJC_IMPLEMENTATIONS = YES;
				CLANG_WARN_DIRECT_OBJC_ISA_USAGE = YES_ERROR;
				CLANG_WARN_DOCUMENTATION_COMMENTS = YES;
				CLANG_WARN_EMPTY_BODY = YES;
				CLANG_WARN_ENUM_CONVERSION = YES;
				CLANG_WARN_INFINITE_RECURSION = YES;
				CLANG_WARN_INT_CONVERSION = YES;
				CLANG_WARN_NON_LITERAL_NULL_CONVERSION = YES;
				CLANG_WARN_OBJC_IMPLICIT_RETAIN_SELF = YES;
				CLANG_WARN_OBJC_LITERAL_CONVERSION = YES;
				CLANG_WARN_OBJC_ROOT_CLASS = YES_ERROR;
				CLANG_WARN_QUOTED_INCLUDE_IN_FRAMEWORK_HEADER = YES;
				CLANG_WARN_RANGE_LOOP_ANALYSIS = YES;
				CLANG_WARN_STRICT_PROTOTYPES = YES;
				CLANG_WARN_SUSPICIOUS_MOVE = YES;
				CLANG_WARN_UNGUARDED_AVAILABILITY = YES_AGGRESSIVE;
				CLANG_WARN_UNREACHABLE_CODE = YES;
				CLANG_WARN__DUPLICATE_METHOD_MATCH = YES;
				COPY_PHASE_STRIP = NO;
				DEBUG_INFORMATION_FORMAT = "dwarf-with-dsym";
				ENABLE_NS_ASSERTIONS = NO;
				ENABLE_STRICT_OBJC_MSGSEND = YES;
				ENABLE_USER_SCRIPT_SANDBOXING = YES;
				GCC_C_LANGUAGE_STANDARD = gnu17;
				GCC_NO_COMMON_BLOCKS = YES;
				GCC_WARN_64_TO_32_BIT_CONVERSION = YES;
				GCC_WARN_ABOUT_RETURN_TYPE = YES_ERROR;
				GCC_WARN_UNDECLARED_SELECTOR = YES;
				GCC_WARN_UNINITIALIZED_AUTOS = YES_AGGRESSIVE;
				GCC_WARN_UNUSED_FUNCTION = YES;
				GCC_WARN_UNUSED_VARIABLE = YES;
				LOCALIZATION_PREFERS_STRING_CATALOGS = YES;
				MACOSX_DEPLOYMENT_TARGET = 14.0;
				MTL_ENABLE_DEBUG_INFO = NO;
				MTL_FAST_MATH = YES;
				SDKROOT = macosx;
			};
			name = Release;
		};
		BF6DC7002AC8394600596448 /* Debug */ = {
			isa = XCBuildConfiguration;
			buildSettings = {
				CLANG_ENABLE_OBJC_ARC = NO;
				CODE_SIGN_STYLE = Automatic;
				DEVELOPMENT_TEAM = 4P5CDH4GR2;
				ENABLE_HARDENED_RUNTIME = YES;
				OTHER_CFLAGS = "";
				OTHER_LDFLAGS = "";
				PRODUCT_NAME = "$(TARGET_NAME)";
			};
			name = Debug;
		};
		BF6DC7012AC8394600596448 /* Release */ = {
			isa = XCBuildConfiguration;
			buildSettings = {
				CLANG_ENABLE_OBJC_ARC = NO;
				CODE_SIGN_STYLE = Automatic;
				DEVELOPMENT_TEAM = 4P5CDH4GR2;
				ENABLE_HARDENED_RUNTIME = YES;
				OTHER_CFLAGS = "";
				OTHER_LDFLAGS = "";
				PRODUCT_NAME = "$(TARGET_NAME)";
			};
			name = Release;
		};
/* End XCBuildConfiguration section */

/* Begin XCConfigurationList section */
		BF6DC6F32AC8394600596448 /* Build configuration list for PBXProject "OCPlayground" */ = {
			isa = XCConfigurationList;
			buildConfigurations = (
				BF6DC6FD2AC8394600596448 /* Debug */,
				BF6DC6FE2AC8394600596448 /* Release */,
			);
			defaultConfigurationIsVisible = 0;
			defaultConfigurationName = Release;
		};
		BF6DC6FF2AC8394600596448 /* Build configuration list for PBXNativeTarget "OCPlayground" */ = {
			isa = XCConfigurationList;
			buildConfigurations = (
				BF6DC7002AC8394600596448 /* Debug */,
				BF6DC7012AC8394600596448 /* Release */,
			);
			defaultConfigurationIsVisible = 0;
			defaultConfigurationName = Release;
		};
/* End XCConfigurationList section */
	};
	rootObject = BF6DC6F02AC8394600596448 /* Project object */;
}
